
Microsoft Visual Studio Solution File, Format Version 12.00
# Visual Studio Version 17
VisualStudioVersion = 17.5.33516.290
MinimumVisualStudioVersion = 10.0.40219.1
Project("{9A19103F-16F7-4668-BE54-9A1E7A4F7556}") = "CleanArchMvc.Application", "CleanArchMvc.Application\CleanArchMvc.Application.csproj", "{A39D019E-F7EA-4C05-9A98-EA98F8B20475}"
EndProject
Project("{9A19103F-16F7-4668-BE54-9A1E7A4F7556}") = "CleanArchMvc.Domain", "CleanArchMvc.Domain\CleanArchMvc.Domain.csproj", "{C20585B3-003D-4A68-8A99-709D62A943EB}"
EndProject
Project("{9A19103F-16F7-4668-BE54-9A1E7A4F7556}") = "CleanArchMvc.Infra.Data", "CleanArchMvc.Infra.Data\CleanArchMvc.Infra.Data.csproj", "{952C01DB-1A29-46B3-82F0-BC8FF4649045}"
EndProject
Project("{9A19103F-16F7-4668-BE54-9A1E7A4F7556}") = "CleanArchMvc.Infra.IoC", "CleanArchMvc.Infra.IoC\CleanArchMvc.Infra.IoC.csproj", "{DEA4C08E-DECB-4647-BC3C-B5FDEA48F02A}"
EndProject
Project("{9A19103F-16F7-4668-BE54-9A1E7A4F7556}") = "CleanArchMvc.WebUI", "CleanArchMvc.WebUI\CleanArchMvc.WebUI.csproj", "{EC48B177-3D78-4DAF-8C64-9E5D1B29DA59}"
EndProject
Project("{9A19103F-16F7-4668-BE54-9A1E7A4F7556}") = "CleanArchMvc.Domain.Tests", "CleanArchMvc.Domain.Tests\CleanArchMvc.Domain.Tests.csproj", "{940A5E25-CBA8-4F06-8DE7-5DD56B7CC0CC}"
EndProject
Project("{2150E333-8FDC-42A3-9474-1A3956D46DE8}") = "Presentation", "Presentation", "{0150B028-8901-4245-8AA0-84E5D5E3496C}"
EndProject
Project("{2150E333-8FDC-42A3-9474-1A3956D46DE8}") = "Infra", "Infra", "{9C5E839B-CD4F-4B2C-8A74-4706B8F46689}"
EndProject
Project("{2150E333-8FDC-42A3-9474-1A3956D46DE8}") = "Application", "Application", "{EACB74CC-5E14-4A8A-A757-91C735BF9791}"
EndProject
Project("{2150E333-8FDC-42A3-9474-1A3956D46DE8}") = "Domain", "Domain", "{C06B8798-8F2C-4EC1-ADE7-0A8A9B297E84}"
EndProject
Project("{2150E333-8FDC-42A3-9474-1A3956D46DE8}") = "Tests", "Tests", "{4ED17130-D281-4A37-A537-033F5CA1D2CB}"
EndProject
Project("{9A19103F-16F7-4668-BE54-9A1E7A4F7556}") = "CleanArchMvc.Domain.Auth", "CleanArchMvc.Domain.Auth\CleanArchMvc.Domain.Auth.csproj", "{C6AC7716-3AE0-466A-AD49-C87B4204E7F7}"
EndProject
Project("{9A19103F-16F7-4668-BE54-9A1E7A4F7556}") = "CleanArchMvc.API", "CleanArchMvc.API\CleanArchMvc.API.csproj", "{86C6D762-275C-40E2-BE0E-F36680FA2A37}"
EndProject
Project("{2150E333-8FDC-42A3-9474-1A3956D46DE8}") = "Databases", "Databases", "{1727717D-1DE6-46FE-921C-59D000688E33}"
	ProjectSection(SolutionItems) = preProject
		Data\CleanArchDB1.db = Data\CleanArchDB1.db
		Data\IdentityDB1.db = Data\IdentityDB1.db
	EndProjectSection
EndProject
Project("{2150E333-8FDC-42A3-9474-1A3956D46DE8}") = "Common", "Common", "{3B1591A9-BD0C-46C6-B753-6B1B15CE1346}"
EndProject
Project("{9A19103F-16F7-4668-BE54-9A1E7A4F7556}") = "CleanArchMvc.Presentation.Common", "ClenaArchMvc.Presentation.Common\CleanArchMvc.Presentation.Common.csproj", "{D8F98B8E-45D8-4C8F-9D86-861565471AF5}"
EndProject
Global
	GlobalSection(SolutionConfigurationPlatforms) = preSolution
		Debug|Any CPU = Debug|Any CPU
		Debug|x64 = Debug|x64
		Debug|x86 = Debug|x86
		Release|Any CPU = Release|Any CPU
		Release|x64 = Release|x64
		Release|x86 = Release|x86
	EndGlobalSection
	GlobalSection(ProjectConfigurationPlatforms) = postSolution
		{A39D019E-F7EA-4C05-9A98-EA98F8B20475}.Debug|Any CPU.ActiveCfg = Debug|Any CPU
		{A39D019E-F7EA-4C05-9A98-EA98F8B20475}.Debug|Any CPU.Build.0 = Debug|Any CPU
		{A39D019E-F7EA-4C05-9A98-EA98F8B20475}.Debug|x64.ActiveCfg = Debug|Any CPU
		{A39D019E-F7EA-4C05-9A98-EA98F8B20475}.Debug|x64.Build.0 = Debug|Any CPU
		{A39D019E-F7EA-4C05-9A98-EA98F8B20475}.Debug|x86.ActiveCfg = Debug|Any CPU
		{A39D019E-F7EA-4C05-9A98-EA98F8B20475}.Debug|x86.Build.0 = Debug|Any CPU
		{A39D019E-F7EA-4C05-9A98-EA98F8B20475}.Release|Any CPU.ActiveCfg = Release|Any CPU
		{A39D019E-F7EA-4C05-9A98-EA98F8B20475}.Release|Any CPU.Build.0 = Release|Any CPU
		{A39D019E-F7EA-4C05-9A98-EA98F8B20475}.Release|x64.ActiveCfg = Release|Any CPU
		{A39D019E-F7EA-4C05-9A98-EA98F8B20475}.Release|x64.Build.0 = Release|Any CPU
		{A39D019E-F7EA-4C05-9A98-EA98F8B20475}.Release|x86.ActiveCfg = Release|Any CPU
		{A39D019E-F7EA-4C05-9A98-EA98F8B20475}.Release|x86.Build.0 = Release|Any CPU
		{C20585B3-003D-4A68-8A99-709D62A943EB}.Debug|Any CPU.ActiveCfg = Debug|Any CPU
		{C20585B3-003D-4A68-8A99-709D62A943EB}.Debug|Any CPU.Build.0 = Debug|Any CPU
		{C20585B3-003D-4A68-8A99-709D62A943EB}.Debug|x64.ActiveCfg = Debug|Any CPU
		{C20585B3-003D-4A68-8A99-709D62A943EB}.Debug|x64.Build.0 = Debug|Any CPU
		{C20585B3-003D-4A68-8A99-709D62A943EB}.Debug|x86.ActiveCfg = Debug|Any CPU
		{C20585B3-003D-4A68-8A99-709D62A943EB}.Debug|x86.Build.0 = Debug|Any CPU
		{C20585B3-003D-4A68-8A99-709D62A943EB}.Release|Any CPU.ActiveCfg = Release|Any CPU
		{C20585B3-003D-4A68-8A99-709D62A943EB}.Release|Any CPU.Build.0 = Release|Any CPU
		{C20585B3-003D-4A68-8A99-709D62A943EB}.Release|x64.ActiveCfg = Release|Any CPU
		{C20585B3-003D-4A68-8A99-709D62A943EB}.Release|x64.Build.0 = Release|Any CPU
		{C20585B3-003D-4A68-8A99-709D62A943EB}.Release|x86.ActiveCfg = Release|Any CPU
		{C20585B3-003D-4A68-8A99-709D62A943EB}.Release|x86.Build.0 = Release|Any CPU
		{952C01DB-1A29-46B3-82F0-BC8FF4649045}.Debug|Any CPU.ActiveCfg = Debug|Any CPU
		{952C01DB-1A29-46B3-82F0-BC8FF4649045}.Debug|Any CPU.Build.0 = Debug|Any CPU
		{952C01DB-1A29-46B3-82F0-BC8FF4649045}.Debug|x64.ActiveCfg = Debug|Any CPU
		{952C01DB-1A29-46B3-82F0-BC8FF4649045}.Debug|x64.Build.0 = Debug|Any CPU
		{952C01DB-1A29-46B3-82F0-BC8FF4649045}.Debug|x86.ActiveCfg = Debug|Any CPU
		{952C01DB-1A29-46B3-82F0-BC8FF4649045}.Debug|x86.Build.0 = Debug|Any CPU
		{952C01DB-1A29-46B3-82F0-BC8FF4649045}.Release|Any CPU.ActiveCfg = Release|Any CPU
		{952C01DB-1A29-46B3-82F0-BC8FF4649045}.Release|Any CPU.Build.0 = Release|Any CPU
		{952C01DB-1A29-46B3-82F0-BC8FF4649045}.Release|x64.ActiveCfg = Release|Any CPU
		{952C01DB-1A29-46B3-82F0-BC8FF4649045}.Release|x64.Build.0 = Release|Any CPU
		{952C01DB-1A29-46B3-82F0-BC8FF4649045}.Release|x86.ActiveCfg = Release|Any CPU
		{952C01DB-1A29-46B3-82F0-BC8FF4649045}.Release|x86.Build.0 = Release|Any CPU
		{DEA4C08E-DECB-4647-BC3C-B5FDEA48F02A}.Debug|Any CPU.ActiveCfg = Debug|Any CPU
		{DEA4C08E-DECB-4647-BC3C-B5FDEA48F02A}.Debug|Any CPU.Build.0 = Debug|Any CPU
		{DEA4C08E-DECB-4647-BC3C-B5FDEA48F02A}.Debug|x64.ActiveCfg = Debug|Any CPU
		{DEA4C08E-DECB-4647-BC3C-B5FDEA48F02A}.Debug|x64.Build.0 = Debug|Any CPU
		{DEA4C08E-DECB-4647-BC3C-B5FDEA48F02A}.Debug|x86.ActiveCfg = Debug|Any CPU
		{DEA4C08E-DECB-4647-BC3C-B5FDEA48F02A}.Debug|x86.Build.0 = Debug|Any CPU
		{DEA4C08E-DECB-4647-BC3C-B5FDEA48F02A}.Release|Any CPU.ActiveCfg = Release|Any CPU
		{DEA4C08E-DECB-4647-BC3C-B5FDEA48F02A}.Release|Any CPU.Build.0 = Release|Any CPU
		{DEA4C08E-DECB-4647-BC3C-B5FDEA48F02A}.Release|x64.ActiveCfg = Release|Any CPU
		{DEA4C08E-DECB-4647-BC3C-B5FDEA48F02A}.Release|x64.Build.0 = Release|Any CPU
		{DEA4C08E-DECB-4647-BC3C-B5FDEA48F02A}.Release|x86.ActiveCfg = Release|Any CPU
		{DEA4C08E-DECB-4647-BC3C-B5FDEA48F02A}.Release|x86.Build.0 = Release|Any CPU
		{EC48B177-3D78-4DAF-8C64-9E5D1B29DA59}.Debug|Any CPU.ActiveCfg = Debug|Any CPU
		{EC48B177-3D78-4DAF-8C64-9E5D1B29DA59}.Debug|Any CPU.Build.0 = Debug|Any CPU
		{EC48B177-3D78-4DAF-8C64-9E5D1B29DA59}.Debug|x64.ActiveCfg = Debug|Any CPU
		{EC48B177-3D78-4DAF-8C64-9E5D1B29DA59}.Debug|x64.Build.0 = Debug|Any CPU
		{EC48B177-3D78-4DAF-8C64-9E5D1B29DA59}.Debug|x86.ActiveCfg = Debug|Any CPU
		{EC48B177-3D78-4DAF-8C64-9E5D1B29DA59}.Debug|x86.Build.0 = Debug|Any CPU
		{EC48B177-3D78-4DAF-8C64-9E5D1B29DA59}.Release|Any CPU.ActiveCfg = Release|Any CPU
		{EC48B177-3D78-4DAF-8C64-9E5D1B29DA59}.Release|Any CPU.Build.0 = Release|Any CPU
		{EC48B177-3D78-4DAF-8C64-9E5D1B29DA59}.Release|x64.ActiveCfg = Release|Any CPU
		{EC48B177-3D78-4DAF-8C64-9E5D1B29DA59}.Release|x64.Build.0 = Release|Any CPU
		{EC48B177-3D78-4DAF-8C64-9E5D1B29DA59}.Release|x86.ActiveCfg = Release|Any CPU
		{EC48B177-3D78-4DAF-8C64-9E5D1B29DA59}.Release|x86.Build.0 = Release|Any CPU
		{940A5E25-CBA8-4F06-8DE7-5DD56B7CC0CC}.Debug|Any CPU.ActiveCfg = Debug|Any CPU
		{940A5E25-CBA8-4F06-8DE7-5DD56B7CC0CC}.Debug|Any CPU.Build.0 = Debug|Any CPU
		{940A5E25-CBA8-4F06-8DE7-5DD56B7CC0CC}.Debug|x64.ActiveCfg = Debug|Any CPU
		{940A5E25-CBA8-4F06-8DE7-5DD56B7CC0CC}.Debug|x64.Build.0 = Debug|Any CPU
		{940A5E25-CBA8-4F06-8DE7-5DD56B7CC0CC}.Debug|x86.ActiveCfg = Debug|Any CPU
		{940A5E25-CBA8-4F06-8DE7-5DD56B7CC0CC}.Debug|x86.Build.0 = Debug|Any CPU
		{940A5E25-CBA8-4F06-8DE7-5DD56B7CC0CC}.Release|Any CPU.ActiveCfg = Release|Any CPU
		{940A5E25-CBA8-4F06-8DE7-5DD56B7CC0CC}.Release|Any CPU.Build.0 = Release|Any CPU
		{940A5E25-CBA8-4F06-8DE7-5DD56B7CC0CC}.Release|x64.ActiveCfg = Release|Any CPU
		{940A5E25-CBA8-4F06-8DE7-5DD56B7CC0CC}.Release|x64.Build.0 = Release|Any CPU
		{940A5E25-CBA8-4F06-8DE7-5DD56B7CC0CC}.Release|x86.ActiveCfg = Release|Any CPU
		{940A5E25-CBA8-4F06-8DE7-5DD56B7CC0CC}.Release|x86.Build.0 = Release|Any CPU
		{C6AC7716-3AE0-466A-AD49-C87B4204E7F7}.Debug|Any CPU.ActiveCfg = Debug|Any CPU
		{C6AC7716-3AE0-466A-AD49-C87B4204E7F7}.Debug|Any CPU.Build.0 = Debug|Any CPU
		{C6AC7716-3AE0-466A-AD49-C87B4204E7F7}.Debug|x64.ActiveCfg = Debug|Any CPU
		{C6AC7716-3AE0-466A-AD49-C87B4204E7F7}.Debug|x64.Build.0 = Debug|Any CPU
		{C6AC7716-3AE0-466A-AD49-C87B4204E7F7}.Debug|x86.ActiveCfg = Debug|Any CPU
		{C6AC7716-3AE0-466A-AD49-C87B4204E7F7}.Debug|x86.Build.0 = Debug|Any CPU
		{C6AC7716-3AE0-466A-AD49-C87B4204E7F7}.Release|Any CPU.ActiveCfg = Release|Any CPU
		{C6AC7716-3AE0-466A-AD49-C87B4204E7F7}.Release|Any CPU.Build.0 = Release|Any CPU
		{C6AC7716-3AE0-466A-AD49-C87B4204E7F7}.Release|x64.ActiveCfg = Release|Any CPU
		{C6AC7716-3AE0-466A-AD49-C87B4204E7F7}.Release|x64.Build.0 = Release|Any CPU
		{C6AC7716-3AE0-466A-AD49-C87B4204E7F7}.Release|x86.ActiveCfg = Release|Any CPU
		{C6AC7716-3AE0-466A-AD49-C87B4204E7F7}.Release|x86.Build.0 = Release|Any CPU
		{86C6D762-275C-40E2-BE0E-F36680FA2A37}.Debug|Any CPU.ActiveCfg = Debug|Any CPU
		{86C6D762-275C-40E2-BE0E-F36680FA2A37}.Debug|Any CPU.Build.0 = Debug|Any CPU
		{86C6D762-275C-40E2-BE0E-F36680FA2A37}.Debug|x64.ActiveCfg = Debug|Any CPU
		{86C6D762-275C-40E2-BE0E-F36680FA2A37}.Debug|x64.Build.0 = Debug|Any CPU
		{86C6D762-275C-40E2-BE0E-F36680FA2A37}.Debug|x86.ActiveCfg = Debug|Any CPU
		{86C6D762-275C-40E2-BE0E-F36680FA2A37}.Debug|x86.Build.0 = Debug|Any CPU
		{86C6D762-275C-40E2-BE0E-F36680FA2A37}.Release|Any CPU.ActiveCfg = Release|Any CPU
		{86C6D762-275C-40E2-BE0E-F36680FA2A37}.Release|Any CPU.Build.0 = Release|Any CPU
		{86C6D762-275C-40E2-BE0E-F36680FA2A37}.Release|x64.ActiveCfg = Release|Any CPU
		{86C6D762-275C-40E2-BE0E-F36680FA2A37}.Release|x64.Build.0 = Release|Any CPU
		{86C6D762-275C-40E2-BE0E-F36680FA2A37}.Release|x86.ActiveCfg = Release|Any CPU
		{86C6D762-275C-40E2-BE0E-F36680FA2A37}.Release|x86.Build.0 = Release|Any CPU
		{D8F98B8E-45D8-4C8F-9D86-861565471AF5}.Debug|Any CPU.ActiveCfg = Debug|Any CPU
		{D8F98B8E-45D8-4C8F-9D86-861565471AF5}.Debug|Any CPU.Build.0 = Debug|Any CPU
		{D8F98B8E-45D8-4C8F-9D86-861565471AF5}.Debug|x64.ActiveCfg = Debug|Any CPU
		{D8F98B8E-45D8-4C8F-9D86-861565471AF5}.Debug|x64.Build.0 = Debug|Any CPU
		{D8F98B8E-45D8-4C8F-9D86-861565471AF5}.Debug|x86.ActiveCfg = Debug|Any CPU
		{D8F98B8E-45D8-4C8F-9D86-861565471AF5}.Debug|x86.Build.0 = Debug|Any CPU
		{D8F98B8E-45D8-4C8F-9D86-861565471AF5}.Release|Any CPU.ActiveCfg = Release|Any CPU
		{D8F98B8E-45D8-4C8F-9D86-861565471AF5}.Release|Any CPU.Build.0 = Release|Any CPU
		{D8F98B8E-45D8-4C8F-9D86-861565471AF5}.Release|x64.ActiveCfg = Release|Any CPU
		{D8F98B8E-45D8-4C8F-9D86-861565471AF5}.Release|x64.Build.0 = Release|Any CPU
		{D8F98B8E-45D8-4C8F-9D86-861565471AF5}.Release|x86.ActiveCfg = Release|Any CPU
		{D8F98B8E-45D8-4C8F-9D86-861565471AF5}.Release|x86.Build.0 = Release|Any CPU
	EndGlobalSection
	GlobalSection(SolutionProperties) = preSolution
		HideSolutionNode = FALSE
	EndGlobalSection
	GlobalSection(NestedProjects) = preSolution
		{A39D019E-F7EA-4C05-9A98-EA98F8B20475} = {EACB74CC-5E14-4A8A-A757-91C735BF9791}
		{C20585B3-003D-4A68-8A99-709D62A943EB} = {C06B8798-8F2C-4EC1-ADE7-0A8A9B297E84}
		{952C01DB-1A29-46B3-82F0-BC8FF4649045} = {9C5E839B-CD4F-4B2C-8A74-4706B8F46689}
		{DEA4C08E-DECB-4647-BC3C-B5FDEA48F02A} = {9C5E839B-CD4F-4B2C-8A74-4706B8F46689}
		{EC48B177-3D78-4DAF-8C64-9E5D1B29DA59} = {0150B028-8901-4245-8AA0-84E5D5E3496C}
		{940A5E25-CBA8-4F06-8DE7-5DD56B7CC0CC} = {4ED17130-D281-4A37-A537-033F5CA1D2CB}
		{C6AC7716-3AE0-466A-AD49-C87B4204E7F7} = {C06B8798-8F2C-4EC1-ADE7-0A8A9B297E84}
		{86C6D762-275C-40E2-BE0E-F36680FA2A37} = {0150B028-8901-4245-8AA0-84E5D5E3496C}
		{1727717D-1DE6-46FE-921C-59D000688E33} = {9C5E839B-CD4F-4B2C-8A74-4706B8F46689}
		{3B1591A9-BD0C-46C6-B753-6B1B15CE1346} = {0150B028-8901-4245-8AA0-84E5D5E3496C}
		{D8F98B8E-45D8-4C8F-9D86-861565471AF5} = {3B1591A9-BD0C-46C6-B753-6B1B15CE1346}
	EndGlobalSection
	GlobalSection(ExtensibilityGlobals) = postSolution
		SolutionGuid = {D00CAB33-2C73-40F1-95D8-30BC63A61730}
	EndGlobalSection
EndGlobal
